
Microsoft Visual Studio Solution File, Format Version 11.00
# Visual Studio 2010
Project("{8BC9CEB8-8B4A-11D0-8D11-00A0C91BC942}") = "SetWindowTitle", "SetWindowTitle\SetWindowTitle.vcxproj", "{2142AE2B-0FB8-48DB-AF1E-1475B8D07315}"
EndProject
Project("{8BC9CEB8-8B4A-11D0-8D11-00A0C91BC942}") = "DailyRem", "DailyRem\DailyRem.vcxproj", "{85B1567A-18BE-4E0B-8020-A9AAB50C23D1}"
EndProject
Project("{8BC9CEB8-8B4A-11D0-8D11-00A0C91BC942}") = "test", "test\test.vcxproj", "{FC19F581-5120-44DF-95D2-954DB1A2E1CA}"
EndProject
Project("{8BC9CEB8-8B4A-11D0-8D11-00A0C91BC942}") = "test2", "test2\test2.vcxproj", "{DAA02FA1-36EF-4809-8290-A9B336B6F9EF}"
EndProject
Project("{8BC9CEB8-8B4A-11D0-8D11-00A0C91BC942}") = "XstrainSkinChecker", "XstrainSkinChecker\XstrainSkinChecker.vcxproj", "{59267184-FF45-47AC-9F34-396C35360A17}"
EndProject
Project("{8BC9CEB8-8B4A-11D0-8D11-00A0C91BC942}") = "flyAnimation", "flyAnimation\flyAnimation.vcxproj", "{4BD0ED21-75FE-4D22-AAFB-F6CCCD3C8B2E}"
EndProject
Project("{8BC9CEB8-8B4A-11D0-8D11-00A0C91BC942}") = "test4", "test4\test4.vcxproj", "{8FFA7E1C-0ACB-4272-9B9E-91DAF2C1A08C}"
EndProject
Global
	GlobalSection(SolutionConfigurationPlatforms) = preSolution
		Debug|Win32 = Debug|Win32
		Release|Win32 = Release|Win32
	EndGlobalSection
	GlobalSection(ProjectConfigurationPlatforms) = postSolution
		{2142AE2B-0FB8-48DB-AF1E-1475B8D07315}.Debug|Win32.ActiveCfg = Debug|Win32
		{2142AE2B-0FB8-48DB-AF1E-1475B8D07315}.Debug|Win32.Build.0 = Debug|Win32
		{2142AE2B-0FB8-48DB-AF1E-1475B8D07315}.Release|Win32.ActiveCfg = Release|Win32
		{2142AE2B-0FB8-48DB-AF1E-1475B8D07315}.Release|Win32.Build.0 = Release|Win32
		{85B1567A-18BE-4E0B-8020-A9AAB50C23D1}.Debug|Win32.ActiveCfg = Debug|Win32
		{85B1567A-18BE-4E0B-8020-A9AAB50C23D1}.Debug|Win32.Build.0 = Debug|Win32
		{85B1567A-18BE-4E0B-8020-A9AAB50C23D1}.Release|Win32.ActiveCfg = Release|Win32
		{85B1567A-18BE-4E0B-8020-A9AAB50C23D1}.Release|Win32.Build.0 = Release|Win32
		{FC19F581-5120-44DF-95D2-954DB1A2E1CA}.Debug|Win32.ActiveCfg = Debug|Win32
		{FC19F581-5120-44DF-95D2-954DB1A2E1CA}.Debug|Win32.Build.0 = Debug|Win32
		{FC19F581-5120-44DF-95D2-954DB1A2E1CA}.Release|Win32.ActiveCfg = Release|Win32
		{FC19F581-5120-44DF-95D2-954DB1A2E1CA}.Release|Win32.Build.0 = Release|Win32
		{DAA02FA1-36EF-4809-8290-A9B336B6F9EF}.Debug|Win32.ActiveCfg = Debug|Win32
		{DAA02FA1-36EF-4809-8290-A9B336B6F9EF}.Debug|Win32.Build.0 = Debug|Win32
		{DAA02FA1-36EF-4809-8290-A9B336B6F9EF}.Release|Win32.ActiveCfg = Release|Win32
		{DAA02FA1-36EF-4809-8290-A9B336B6F9EF}.Release|Win32.Build.0 = Release|Win32
		{59267184-FF45-47AC-9F34-396C35360A17}.Debug|Win32.ActiveCfg = Debug|Win32
		{59267184-FF45-47AC-9F34-396C35360A17}.Debug|Win32.Build.0 = Debug|Win32
		{59267184-FF45-47AC-9F34-396C35360A17}.Release|Win32.ActiveCfg = Release|Win32
		{59267184-FF45-47AC-9F34-396C35360A17}.Release|Win32.Build.0 = Release|Win32
		{4BD0ED21-75FE-4D22-AAFB-F6CCCD3C8B2E}.Debug|Win32.ActiveCfg = Debug|Win32
		{4BD0ED21-75FE-4D22-AAFB-F6CCCD3C8B2E}.Debug|Win32.Build.0 = Debug|Win32
		{4BD0ED21-75FE-4D22-AAFB-F6CCCD3C8B2E}.Release|Win32.ActiveCfg = Release|Win32
		{4BD0ED21-75FE-4D22-AAFB-F6CCCD3C8B2E}.Release|Win32.Build.0 = Release|Win32
		{8FFA7E1C-0ACB-4272-9B9E-91DAF2C1A08C}.Debug|Win32.ActiveCfg = Debug|Win32
		{8FFA7E1C-0ACB-4272-9B9E-91DAF2C1A08C}.Debug|Win32.Build.0 = Debug|Win32
		{8FFA7E1C-0ACB-4272-9B9E-91DAF2C1A08C}.Release|Win32.ActiveCfg = Release|Win32
		{8FFA7E1C-0ACB-4272-9B9E-91DAF2C1A08C}.Release|Win32.Build.0 = Release|Win32
	EndGlobalSection
	GlobalSection(SolutionProperties) = preSolution
		HideSolutionNode = FALSE
	EndGlobalSection
EndGlobal
